// !$*UTF8*$!
{
	archiveVersion = 1;
	classes = {
	};
	objectVersion = 55;
	objects = {

/* Begin PBXBuildFile section */
		893A55A048AE026C7EDED7FD /* Pods_Calu.framework in Frameworks */ = {isa = PBXBuildFile; fileRef = 612C564D2A8E692E8F7F63F7 /* Pods_Calu.framework */; };
		A500D28D27662CA4002A24F1 /* Unit.swift in Sources */ = {isa = PBXBuildFile; fileRef = A500D28C27662CA4002A24F1 /* Unit.swift */; };
		A51969922752825C0089A973 /* TaskViewController.swift in Sources */ = {isa = PBXBuildFile; fileRef = A51969912752825C0089A973 /* TaskViewController.swift */; };
		A5196994275287360089A973 /* Task.swift in Sources */ = {isa = PBXBuildFile; fileRef = A5196993275287360089A973 /* Task.swift */; };
		A521CB532755FF81006D9E8C /* LengthViewController.swift in Sources */ = {isa = PBXBuildFile; fileRef = A521CB522755FF81006D9E8C /* LengthViewController.swift */; };
		A521CB55275601B8006D9E8C /* UnitLogic.swift in Sources */ = {isa = PBXBuildFile; fileRef = A521CB54275601B8006D9E8C /* UnitLogic.swift */; };
		A548326B275136D700D0BB28 /* CaluteLogic.swift in Sources */ = {isa = PBXBuildFile; fileRef = A548326A275136D700D0BB28 /* CaluteLogic.swift */; };
		A571D3952753B7D20020BD12 /* VoucherViewController.swift in Sources */ = {isa = PBXBuildFile; fileRef = A571D3942753B7D20020BD12 /* VoucherViewController.swift */; };
		A571D3972753B7FE0020BD12 /* VoucherLogic.swift in Sources */ = {isa = PBXBuildFile; fileRef = A571D3962753B7FE0020BD12 /* VoucherLogic.swift */; };
		A5B3EE58274D2BA80069BE34 /* AppDelegate.swift in Sources */ = {isa = PBXBuildFile; fileRef = A5B3EE57274D2BA80069BE34 /* AppDelegate.swift */; };
		A5B3EE5A274D2BA80069BE34 /* SceneDelegate.swift in Sources */ = {isa = PBXBuildFile; fileRef = A5B3EE59274D2BA80069BE34 /* SceneDelegate.swift */; };
		A5B3EE5C274D2BA80069BE34 /* ViewController.swift in Sources */ = {isa = PBXBuildFile; fileRef = A5B3EE5B274D2BA80069BE34 /* ViewController.swift */; };
		A5B3EE5F274D2BA80069BE34 /* Main.storyboard in Resources */ = {isa = PBXBuildFile; fileRef = A5B3EE5D274D2BA80069BE34 /* Main.storyboard */; };
		A5B3EE61274D2BA90069BE34 /* Assets.xcassets in Resources */ = {isa = PBXBuildFile; fileRef = A5B3EE60274D2BA90069BE34 /* Assets.xcassets */; };
		A5B3EE64274D2BA90069BE34 /* LaunchScreen.storyboard in Resources */ = {isa = PBXBuildFile; fileRef = A5B3EE62274D2BA90069BE34 /* LaunchScreen.storyboard */; };
/* End PBXBuildFile section */

/* Begin PBXFileReference section */
		13AC06C22A16092ECFFB5B2A /* Pods-Calu.release.xcconfig */ = {isa = PBXFileReference; includeInIndex = 1; lastKnownFileType = text.xcconfig; name = "Pods-Calu.release.xcconfig"; path = "Target Support Files/Pods-Calu/Pods-Calu.release.xcconfig"; sourceTree = "<group>"; };
		2B2F7AD558FACA88AFFB20D1 /* Pods-Calu.debug.xcconfig */ = {isa = PBXFileReference; includeInIndex = 1; lastKnownFileType = text.xcconfig; name = "Pods-Calu.debug.xcconfig"; path = "Target Support Files/Pods-Calu/Pods-Calu.debug.xcconfig"; sourceTree = "<group>"; };
		612C564D2A8E692E8F7F63F7 /* Pods_Calu.framework */ = {isa = PBXFileReference; explicitFileType = wrapper.framework; includeInIndex = 0; path = Pods_Calu.framework; sourceTree = BUILT_PRODUCTS_DIR; };
		A500D28C27662CA4002A24F1 /* Unit.swift */ = {isa = PBXFileReference; lastKnownFileType = sourcecode.swift; path = Unit.swift; sourceTree = "<group>"; };
		A51969912752825C0089A973 /* TaskViewController.swift */ = {isa = PBXFileReference; lastKnownFileType = sourcecode.swift; path = TaskViewController.swift; sourceTree = "<group>"; };
		A5196993275287360089A973 /* Task.swift */ = {isa = PBXFileReference; lastKnownFileType = sourcecode.swift; path = Task.swift; sourceTree = "<group>"; };
		A521CB522755FF81006D9E8C /* LengthViewController.swift */ = {isa = PBXFileReference; lastKnownFileType = sourcecode.swift; path = LengthViewController.swift; sourceTree = "<group>"; };
		A521CB54275601B8006D9E8C /* UnitLogic.swift */ = {isa = PBXFileReference; lastKnownFileType = sourcecode.swift; path = UnitLogic.swift; sourceTree = "<group>"; };
		A548326A275136D700D0BB28 /* CaluteLogic.swift */ = {isa = PBXFileReference; lastKnownFileType = sourcecode.swift; path = CaluteLogic.swift; sourceTree = "<group>"; };
		A571D3942753B7D20020BD12 /* VoucherViewController.swift */ = {isa = PBXFileReference; lastKnownFileType = sourcecode.swift; path = VoucherViewController.swift; sourceTree = "<group>"; };
		A571D3962753B7FE0020BD12 /* VoucherLogic.swift */ = {isa = PBXFileReference; lastKnownFileType = sourcecode.swift; path = VoucherLogic.swift; sourceTree = "<group>"; };
		A5B3EE54274D2BA80069BE34 /* Calu.app */ = {isa = PBXFileReference; explicitFileType = wrapper.application; includeInIndex = 0; path = Calu.app; sourceTree = BUILT_PRODUCTS_DIR; };
		A5B3EE57274D2BA80069BE34 /* AppDelegate.swift */ = {isa = PBXFileReference; lastKnownFileType = sourcecode.swift; path = AppDelegate.swift; sourceTree = "<group>"; };
		A5B3EE59274D2BA80069BE34 /* SceneDelegate.swift */ = {isa = PBXFileReference; lastKnownFileType = sourcecode.swift; path = SceneDelegate.swift; sourceTree = "<group>"; };
		A5B3EE5B274D2BA80069BE34 /* ViewController.swift */ = {isa = PBXFileReference; lastKnownFileType = sourcecode.swift; path = ViewController.swift; sourceTree = "<group>"; };
		A5B3EE5E274D2BA80069BE34 /* Base */ = {isa = PBXFileReference; lastKnownFileType = file.storyboard; name = Base; path = Base.lproj/Main.storyboard; sourceTree = "<group>"; };
		A5B3EE60274D2BA90069BE34 /* Assets.xcassets */ = {isa = PBXFileReference; lastKnownFileType = folder.assetcatalog; path = Assets.xcassets; sourceTree = "<group>"; };
		A5B3EE63274D2BA90069BE34 /* Base */ = {isa = PBXFileReference; lastKnownFileType = file.storyboard; name = Base; path = Base.lproj/LaunchScreen.storyboard; sourceTree = "<group>"; };
		A5B3EE65274D2BA90069BE34 /* Info.plist */ = {isa = PBXFileReference; lastKnownFileType = text.plist.xml; path = Info.plist; sourceTree = "<group>"; };
/* End PBXFileReference section */

/* Begin PBXFrameworksBuildPhase section */
		A5B3EE51274D2BA80069BE34 /* Frameworks */ = {
			isa = PBXFrameworksBuildPhase;
			buildActionMask = 2147483647;
			files = (
				893A55A048AE026C7EDED7FD /* Pods_Calu.framework in Frameworks */,
			);
			runOnlyForDeploymentPostprocessing = 0;
		};
/* End PBXFrameworksBuildPhase section */

/* Begin PBXGroup section */
		3DFF878768FC894DE9FA1145 /* Pods */ = {
			isa = PBXGroup;
			children = (
				2B2F7AD558FACA88AFFB20D1 /* Pods-Calu.debug.xcconfig */,
				13AC06C22A16092ECFFB5B2A /* Pods-Calu.release.xcconfig */,
			);
			path = Pods;
			sourceTree = "<group>";
		};
		4B8405AA67A8E74DBFC79C99 /* Frameworks */ = {
			isa = PBXGroup;
			children = (
				612C564D2A8E692E8F7F63F7 /* Pods_Calu.framework */,
			);
			name = Frameworks;
			sourceTree = "<group>";
		};
		A5483267275136B000D0BB28 /* Model */ = {
			isa = PBXGroup;
			children = (
				A548326A275136D700D0BB28 /* CaluteLogic.swift */,
				A5196993275287360089A973 /* Task.swift */,
				A571D3962753B7FE0020BD12 /* VoucherLogic.swift */,
				A521CB54275601B8006D9E8C /* UnitLogic.swift */,
				A500D28C27662CA4002A24F1 /* Unit.swift */,
			);
			path = Model;
			sourceTree = "<group>";
		};
		A5483268275136B700D0BB28 /* View */ = {
			isa = PBXGroup;
			children = (
				A5B3EE5D274D2BA80069BE34 /* Main.storyboard */,
			);
			path = View;
			sourceTree = "<group>";
		};
		A5483269275136BE00D0BB28 /* Controller */ = {
			isa = PBXGroup;
			children = (
				A5B3EE5B274D2BA80069BE34 /* ViewController.swift */,
				A51969912752825C0089A973 /* TaskViewController.swift */,
				A571D3942753B7D20020BD12 /* VoucherViewController.swift */,
				A521CB522755FF81006D9E8C /* LengthViewController.swift */,
			);
			path = Controller;
			sourceTree = "<group>";
		};
		A5B3EE4B274D2BA80069BE34 = {
			isa = PBXGroup;
			children = (
				A5B3EE56274D2BA80069BE34 /* Calu */,
				A5B3EE55274D2BA80069BE34 /* Products */,
				3DFF878768FC894DE9FA1145 /* Pods */,
				4B8405AA67A8E74DBFC79C99 /* Frameworks */,
			);
			sourceTree = "<group>";
		};
		A5B3EE55274D2BA80069BE34 /* Products */ = {
			isa = PBXGroup;
			children = (
				A5B3EE54274D2BA80069BE34 /* Calu.app */,
			);
			name = Products;
			sourceTree = "<group>";
		};
		A5B3EE56274D2BA80069BE34 /* Calu */ = {
			isa = PBXGroup;
			children = (
				A5483267275136B000D0BB28 /* Model */,
				A5483268275136B700D0BB28 /* View */,
				A5483269275136BE00D0BB28 /* Controller */,
				A5B3EE57274D2BA80069BE34 /* AppDelegate.swift */,
				A5B3EE59274D2BA80069BE34 /* SceneDelegate.swift */,
				A5B3EE60274D2BA90069BE34 /* Assets.xcassets */,
				A5B3EE62274D2BA90069BE34 /* LaunchScreen.storyboard */,
				A5B3EE65274D2BA90069BE34 /* Info.plist */,
			);
			path = Calu;
			sourceTree = "<group>";
		};
/* End PBXGroup section */

/* Begin PBXNativeTarget section */
		A5B3EE53274D2BA80069BE34 /* Calu */ = {
			isa = PBXNativeTarget;
			buildConfigurationList = A5B3EE68274D2BA90069BE34 /* Build configuration list for PBXNativeTarget "Calu" */;
			buildPhases = (
				7433DE92877BCFD994BF014B /* [CP] Check Pods Manifest.lock */,
				A5B3EE50274D2BA80069BE34 /* Sources */,
				A5B3EE51274D2BA80069BE34 /* Frameworks */,
				A5B3EE52274D2BA80069BE34 /* Resources */,
				1EB0190994DA6E7EFF6D98E1 /* [CP] Embed Pods Frameworks */,
			);
			buildRules = (
			);
			dependencies = (
			);
			name = Calu;
			productName = Calu;
			productReference = A5B3EE54274D2BA80069BE34 /* Calu.app */;
			productType = "com.apple.product-type.application";
		};
/* End PBXNativeTarget section */

/* Begin PBXProject section */
		A5B3EE4C274D2BA80069BE34 /* Project object */ = {
			isa = PBXProject;
			attributes = {
				BuildIndependentTargetsInParallel = 1;
				LastSwiftUpdateCheck = 1300;
				LastUpgradeCheck = 1300;
				TargetAttributes = {
					A5B3EE53274D2BA80069BE34 = {
						CreatedOnToolsVersion = 13.0;
					};
				};
			};
			buildConfigurationList = A5B3EE4F274D2BA80069BE34 /* Build configuration list for PBXProject "Calu" */;
			compatibilityVersion = "Xcode 13.0";
			developmentRegion = en;
			hasScannedForEncodings = 0;
			knownRegions = (
				en,
				Base,
			);
			mainGroup = A5B3EE4B274D2BA80069BE34;
			productRefGroup = A5B3EE55274D2BA80069BE34 /* Products */;
			projectDirPath = "";
			projectRoot = "";
			targets = (
				A5B3EE53274D2BA80069BE34 /* Calu */,
			);
		};
/* End PBXProject section */

/* Begin PBXResourcesBuildPhase section */
		A5B3EE52274D2BA80069BE34 /* Resources */ = {
			isa = PBXResourcesBuildPhase;
			buildActionMask = 2147483647;
			files = (
				A5B3EE64274D2BA90069BE34 /* LaunchScreen.storyboard in Resources */,
				A5B3EE61274D2BA90069BE34 /* Assets.xcassets in Resources */,
				A5B3EE5F274D2BA80069BE34 /* Main.storyboard in Resources */,
			);
			runOnlyForDeploymentPostprocessing = 0;
		};
/* End PBXResourcesBuildPhase section */

/* Begin PBXShellScriptBuildPhase section */
		1EB0190994DA6E7EFF6D98E1 /* [CP] Embed Pods Frameworks */ = {
			isa = PBXShellScriptBuildPhase;
			buildActionMask = 2147483647;
			files = (
			);
			inputFileListPaths = (
				"${PODS_ROOT}/Target Support Files/Pods-Calu/Pods-Calu-frameworks-${CONFIGURATION}-input-files.xcfilelist",
			);
			name = "[CP] Embed Pods Frameworks";
			outputFileListPaths = (
				"${PODS_ROOT}/Target Support Files/Pods-Calu/Pods-Calu-frameworks-${CONFIGURATION}-output-files.xcfilelist",
			);
			runOnlyForDeploymentPostprocessing = 0;
			shellPath = /bin/sh;
			shellScript = "\"${PODS_ROOT}/Target Support Files/Pods-Calu/Pods-Calu-frameworks.sh\"\n";
			showEnvVarsInLog = 0;
		};
		7433DE92877BCFD994BF014B /* [CP] Check Pods Manifest.lock */ = {
			isa = PBXShellScriptBuildPhase;
			buildActionMask = 2147483647;
			files = (
			);
			inputFileListPaths = (
			);
			inputPaths = (
				"${PODS_PODFILE_DIR_PATH}/Podfile.lock",
				"${PODS_ROOT}/Manifest.lock",
			);
			name = "[CP] Check Pods Manifest.lock";
			outputFileListPaths = (
			);
			outputPaths = (
				"$(DERIVED_FILE_DIR)/Pods-Calu-checkManifestLockResult.txt",
			);
			runOnlyForDeploymentPostprocessing = 0;
			shellPath = /bin/sh;
			shellScript = "diff \"${PODS_PODFILE_DIR_PATH}/Podfile.lock\" \"${PODS_ROOT}/Manifest.lock\" > /dev/null\nif [ $? != 0 ] ; then\n    # print error to STDERR\n    echo \"error: The sandbox is not in sync with the Podfile.lock. Run 'pod install' or update your CocoaPods installation.\" >&2\n    exit 1\nfi\n# This output is used by Xcode 'outputs' to avoid re-running this script phase.\necho \"SUCCESS\" > \"${SCRIPT_OUTPUT_FILE_0}\"\n";
			showEnvVarsInLog = 0;
		};
/* End PBXShellScriptBuildPhase section */

/* Begin PBXSourcesBuildPhase section */
		A5B3EE50274D2BA80069BE34 /* Sources */ = {
			isa = PBXSourcesBuildPhase;
			buildActionMask = 2147483647;
			files = (
				A548326B275136D700D0BB28 /* CaluteLogic.swift in Sources */,
				A571D3952753B7D20020BD12 /* VoucherViewController.swift in Sources */,
				A521CB55275601B8006D9E8C /* UnitLogic.swift in Sources */,
				A5B3EE5C274D2BA80069BE34 /* ViewController.swift in Sources */,
				A521CB532755FF81006D9E8C /* LengthViewController.swift in Sources */,
				A51969922752825C0089A973 /* TaskViewController.swift in Sources */,
				A500D28D27662CA4002A24F1 /* Unit.swift in Sources */,
				A5B3EE58274D2BA80069BE34 /* AppDelegate.swift in Sources */,
				A5196994275287360089A973 /* Task.swift in Sources */,
				A5B3EE5A274D2BA80069BE34 /* SceneDelegate.swift in Sources */,
				A571D3972753B7FE0020BD12 /* VoucherLogic.swift in Sources */,
			);
			runOnlyForDeploymentPostprocessing = 0;
		};
/* End PBXSourcesBuildPhase section */

/* Begin PBXVariantGroup section */
		A5B3EE5D274D2BA80069BE34 /* Main.storyboard */ = {
			isa = PBXVariantGroup;
			children = (
				A5B3EE5E274D2BA80069BE34 /* Base */,
			);
			name = Main.storyboard;
			sourceTree = "<group>";
		};
		A5B3EE62274D2BA90069BE34 /* LaunchScreen.storyboard */ = {
			isa = PBXVariantGroup;
			children = (
				A5B3EE63274D2BA90069BE34 /* Base */,
			);
			name = LaunchScreen.storyboard;
			sourceTree = "<group>";
		};
/* End PBXVariantGroup section */

/* Begin XCBuildConfiguration section */
		A5B3EE66274D2BA90069BE34 /* Debug */ = {
			isa = XCBuildConfiguration;
			buildSettings = {
				ALWAYS_SEARCH_USER_PATHS = NO;
				CLANG_ANALYZER_NONNULL = YES;
				CLANG_ANALYZER_NUMBER_OBJECT_CONVERSION = YES_AGGRESSIVE;
				CLANG_CXX_LANGUAGE_STANDARD = "gnu++17";
				CLANG_CXX_LIBRARY = "libc++";
				CLANG_ENABLE_MODULES = YES;
				CLANG_ENABLE_OBJC_ARC = YES;
				CLANG_ENABLE_OBJC_WEAK = YES;
				CLANG_WARN_BLOCK_CAPTURE_AUTORELEASING = YES;
				CLANG_WARN_BOOL_CONVERSION = YES;
				CLANG_WARN_COMMA = YES;
				CLANG_WARN_CONSTANT_CONVERSION = YES;
				CLANG_WARN_DEPRECATED_OBJC_IMPLEMENTATIONS = YES;
				CLANG_WARN_DIRECT_OBJC_ISA_USAGE = YES_ERROR;
				CLANG_WARN_DOCUMENTATION_COMMENTS = YES;
				CLANG_WARN_EMPTY_BODY = YES;
				CLANG_WARN_ENUM_CONVERSION = YES;
				CLANG_WARN_INFINITE_RECURSION = YES;
				CLANG_WARN_INT_CONVERSION = YES;
				CLANG_WARN_NON_LITERAL_NULL_CONVERSION = YES;
				CLANG_WARN_OBJC_IMPLICIT_RETAIN_SELF = YES;
				CLANG_WARN_OBJC_LITERAL_CONVERSION = YES;
				CLANG_WARN_OBJC_ROOT_CLASS = YES_ERROR;
				CLANG_WARN_QUOTED_INCLUDE_IN_FRAMEWORK_HEADER = YES;
				CLANG_WARN_RANGE_LOOP_ANALYSIS = YES;
				CLANG_WARN_STRICT_PROTOTYPES = YES;
				CLANG_WARN_SUSPICIOUS_MOVE = YES;
				CLANG_WARN_UNGUARDED_AVAILABILITY = YES_AGGRESSIVE;
				CLANG_WARN_UNREACHABLE_CODE = YES;
				CLANG_WARN__DUPLICATE_METHOD_MATCH = YES;
				COPY_PHASE_STRIP = NO;
				DEBUG_INFORMATION_FORMAT = dwarf;
				ENABLE_STRICT_OBJC_MSGSEND = YES;
				ENABLE_TESTABILITY = YES;
				GCC_C_LANGUAGE_STANDARD = gnu11;
				GCC_DYNAMIC_NO_PIC = NO;
				GCC_NO_COMMON_BLOCKS = YES;
				GCC_OPTIMIZATION_LEVEL = 0;
				GCC_PREPROCESSOR_DEFINITIONS = (
					"DEBUG=1",
					"$(inherited)",
				);
				GCC_WARN_64_TO_32_BIT_CONVERSION = YES;
				GCC_WARN_ABOUT_RETURN_TYPE = YES_ERROR;
				GCC_WARN_UNDECLARED_SELECTOR = YES;
				GCC_WARN_UNINITIALIZED_AUTOS = YES_AGGRESSIVE;
				GCC_WARN_UNUSED_FUNCTION = YES;
				GCC_WARN_UNUSED_VARIABLE = YES;
				IPHONEOS_DEPLOYMENT_TARGET = 15.0;
				MTL_ENABLE_DEBUG_INFO = INCLUDE_SOURCE;
				MTL_FAST_MATH = YES;
				ONLY_ACTIVE_ARCH = YES;
				SDKROOT = iphoneos;
				SWIFT_ACTIVE_COMPILATION_CONDITIONS = DEBUG;
				SWIFT_OPTIMIZATION_LEVEL = "-Onone";
			};
			name = Debug;
		};
		A5B3EE67274D2BA90069BE34 /* Release */ = {
			isa = XCBuildConfiguration;
			buildSettings = {
				ALWAYS_SEARCH_USER_PATHS = NO;
				CLANG_ANALYZER_NONNULL = YES;
				CLANG_ANALYZER_NUMBER_OBJECT_CONVERSION = YES_AGGRESSIVE;
				CLANG_CXX_LANGUAGE_STANDARD = "gnu++17";
				CLANG_CXX_LIBRARY = "libc++";
				CLANG_ENABLE_MODULES = YES;
				CLANG_ENABLE_OBJC_ARC = YES;
				CLANG_ENABLE_OBJC_WEAK = YES;
				CLANG_WARN_BLOCK_CAPTURE_AUTORELEASING = YES;
				CLANG_WARN_BOOL_CONVERSION = YES;
				CLANG_WARN_COMMA = YES;
				CLANG_WARN_CONSTANT_CONVERSION = YES;
				CLANG_WARN_DEPRECATED_OBJC_IMPLEMENTATIONS = YES;
				CLANG_WARN_DIRECT_OBJC_ISA_USAGE = YES_ERROR;
				CLANG_WARN_DOCUMENTATION_COMMENTS = YES;
				CLANG_WARN_EMPTY_BODY = YES;
				CLANG_WARN_ENUM_CONVERSION = YES;
				CLANG_WARN_INFINITE_RECURSION = YES;
				CLANG_WARN_INT_CONVERSION = YES;
				CLANG_WARN_NON_LITERAL_NULL_CONVERSION = YES;
				CLANG_WARN_OBJC_IMPLICIT_RETAIN_SELF = YES;
				CLANG_WARN_OBJC_LITERAL_CONVERSION = YES;
				CLANG_WARN_OBJC_ROOT_CLASS = YES_ERROR;
				CLANG_WARN_QUOTED_INCLUDE_IN_FRAMEWORK_HEADER = YES;
				CLANG_WARN_RANGE_LOOP_ANALYSIS = YES;
				CLANG_WARN_STRICT_PROTOTYPES = YES;
				CLANG_WARN_SUSPICIOUS_MOVE = YES;
				CLANG_WARN_UNGUARDED_AVAILABILITY = YES_AGGRESSIVE;
				CLANG_WARN_UNREACHABLE_CODE = YES;
				CLANG_WARN__DUPLICATE_METHOD_MATCH = YES;
				COPY_PHASE_STRIP = NO;
				DEBUG_INFORMATION_FORMAT = "dwarf-with-dsym";
				ENABLE_NS_ASSERTIONS = NO;
				ENABLE_STRICT_OBJC_MSGSEND = YES;
				GCC_C_LANGUAGE_STANDARD = gnu11;
				GCC_NO_COMMON_BLOCKS = YES;
				GCC_WARN_64_TO_32_BIT_CONVERSION = YES;
				GCC_WARN_ABOUT_RETURN_TYPE = YES_ERROR;
				GCC_WARN_UNDECLARED_SELECTOR = YES;
				GCC_WARN_UNINITIALIZED_AUTOS = YES_AGGRESSIVE;
				GCC_WARN_UNUSED_FUNCTION = YES;
				GCC_WARN_UNUSED_VARIABLE = YES;
				IPHONEOS_DEPLOYMENT_TARGET = 15.0;
				MTL_ENABLE_DEBUG_INFO = NO;
				MTL_FAST_MATH = YES;
				SDKROOT = iphoneos;
				SWIFT_COMPILATION_MODE = wholemodule;
				SWIFT_OPTIMIZATION_LEVEL = "-O";
				VALIDATE_PRODUCT = YES;
			};
			name = Release;
		};
		A5B3EE69274D2BA90069BE34 /* Debug */ = {
			isa = XCBuildConfiguration;
			baseConfigurationReference = 2B2F7AD558FACA88AFFB20D1 /* Pods-Calu.debug.xcconfig */;
			buildSettings = {
				ASSETCATALOG_COMPILER_APPICON_NAME = AppIcon;
				ASSETCATALOG_COMPILER_GLOBAL_ACCENT_COLOR_NAME = AccentColor;
				CODE_SIGN_STYLE = Automatic;
				CURRENT_PROJECT_VERSION = 1;
				GENERATE_INFOPLIST_FILE = YES;
				INFOPLIST_FILE = Calu/Info.plist;
				INFOPLIST_KEY_UIApplicationSupportsIndirectInputEvents = YES;
				INFOPLIST_KEY_UILaunchStoryboardName = LaunchScreen;
				INFOPLIST_KEY_UIMainStoryboardFile = Main;
				INFOPLIST_KEY_UISupportedInterfaceOrientations_iPad = "UIInterfaceOrientationPortrait UIInterfaceOrientationPortraitUpsideDown UIInterfaceOrientationLandscapeLeft UIInterfaceOrientationLandscapeRight";
				INFOPLIST_KEY_UISupportedInterfaceOrientations_iPhone = "UIInterfaceOrientationPortrait UIInterfaceOrientationLandscapeLeft UIInterfaceOrientationLandscapeRight";
				LD_RUNPATH_SEARCH_PATHS = (
					"$(inherited)",
					"@executable_path/Frameworks",
				);
				MARKETING_VERSION = 1.0;
				PRODUCT_BUNDLE_IDENTIFIER = minhthong.com.vn.Calu;
				PRODUCT_NAME = "$(TARGET_NAME)";
				SWIFT_EMIT_LOC_STRINGS = YES;
				SWIFT_VERSION = 5.0;
				TARGETED_DEVICE_FAMILY = "1,2";
			};
			name = Debug;
		};
		A5B3EE6A274D2BA90069BE34 /* Release */ = {
			isa = XCBuildConfiguration;
			baseConfigurationReference = 13AC06C22A16092ECFFB5B2A /* Pods-Calu.release.xcconfig */;
			buildSettings = {
				ASSETCATALOG_COMPILER_APPICON_NAME = AppIcon;
				ASSETCATALOG_COMPILER_GLOBAL_ACCENT_COLOR_NAME = AccentColor;
				CODE_SIGN_STYLE = Automatic;
				CURRENT_PROJECT_VERSION = 1;
				GENERATE_INFOPLIST_FILE = YES;
				INFOPLIST_FILE = Calu/Info.plist;
				INFOPLIST_KEY_UIApplicationSupportsIndirectInputEvents = YES;
				INFOPLIST_KEY_UILaunchStoryboardName = LaunchScreen;
				INFOPLIST_KEY_UIMainStoryboardFile = Main;
				INFOPLIST_KEY_UISupportedInterfaceOrientations_iPad = "UIInterfaceOrientationPortrait UIInterfaceOrientationPortraitUpsideDown UIInterfaceOrientationLandscapeLeft UIInterfaceOrientationLandscapeRight";
				INFOPLIST_KEY_UISupportedInterfaceOrientations_iPhone = "UIInterfaceOrientationPortrait UIInterfaceOrientationLandscapeLeft UIInterfaceOrientationLandscapeRight";
				LD_RUNPATH_SEARCH_PATHS = (
					"$(inherited)",
					"@executable_path/Frameworks",
				);
				MARKETING_VERSION = 1.0;
				PRODUCT_BUNDLE_IDENTIFIER = minhthong.com.vn.Calu;
				PRODUCT_NAME = "$(TARGET_NAME)";
				SWIFT_EMIT_LOC_STRINGS = YES;
				SWIFT_VERSION = 5.0;
				TARGETED_DEVICE_FAMILY = "1,2";
			};
			name = Release;
		};
/* End XCBuildConfiguration section */

/* Begin XCConfigurationList section */
		A5B3EE4F274D2BA80069BE34 /* Build configuration list for PBXProject "Calu" */ = {
			isa = XCConfigurationList;
			buildConfigurations = (
				A5B3EE66274D2BA90069BE34 /* Debug */,
				A5B3EE67274D2BA90069BE34 /* Release */,
			);
			defaultConfigurationIsVisible = 0;
			defaultConfigurationName = Release;
		};
		A5B3EE68274D2BA90069BE34 /* Build configuration list for PBXNativeTarget "Calu" */ = {
			isa = XCConfigurationList;
			buildConfigurations = (
				A5B3EE69274D2BA90069BE34 /* Debug */,
				A5B3EE6A274D2BA90069BE34 /* Release */,
			);
			defaultConfigurationIsVisible = 0;
			defaultConfigurationName = Release;
		};
/* End XCConfigurationList section */
	};
	rootObject = A5B3EE4C274D2BA80069BE34 /* Project object */;
}
